
Microsoft Visual Studio Solution File, Format Version 12.00
# Visual Studio Version 17
VisualStudioVersion = 17.11.35327.3
MinimumVisualStudioVersion = 10.0.40219.1
Project("{9A19103F-16F7-4668-BE54-9A1E7A4F7556}") = "Lecture16_1", "Lecture16\Lecture16_1.csproj", "{3877D2C2-6009-4F82-824E-90FC8D0D737F}"
EndProject
Project("{9A19103F-16F7-4668-BE54-9A1E7A4F7556}") = "Lecture16_1.Core", "Lecture16_1.Core\Lecture16_1.Core.csproj", "{9F51D992-2C9F-4A2A-9DD0-782613A3E5AF}"
EndProject
Project("{FAE04EC0-301F-11D3-BF4B-00C04F79EFBC}") = "Lecture16_1.API", "Lecture16_1.API\Lecture16_1.API.csproj", "{305F28D8-4DB8-48F1-85D5-1F79084EE883}"
EndProject
Global
	GlobalSection(SolutionConfigurationPlatforms) = preSolution
		Debug|Any CPU = Debug|Any CPU
		Release|Any CPU = Release|Any CPU
	EndGlobalSection
	GlobalSection(ProjectConfigurationPlatforms) = postSolution
		{3877D2C2-6009-4F82-824E-90FC8D0D737F}.Debug|Any CPU.ActiveCfg = Debug|Any CPU
		{3877D2C2-6009-4F82-824E-90FC8D0D737F}.Debug|Any CPU.Build.0 = Debug|Any CPU
		{3877D2C2-6009-4F82-824E-90FC8D0D737F}.Release|Any CPU.ActiveCfg = Release|Any CPU
		{3877D2C2-6009-4F82-824E-90FC8D0D737F}.Release|Any CPU.Build.0 = Release|Any CPU
		{9F51D992-2C9F-4A2A-9DD0-782613A3E5AF}.Debug|Any CPU.ActiveCfg = Debug|Any CPU
		{9F51D992-2C9F-4A2A-9DD0-782613A3E5AF}.Debug|Any CPU.Build.0 = Debug|Any CPU
		{9F51D992-2C9F-4A2A-9DD0-782613A3E5AF}.Release|Any CPU.ActiveCfg = Release|Any CPU
		{9F51D992-2C9F-4A2A-9DD0-782613A3E5AF}.Release|Any CPU.Build.0 = Release|Any CPU
		{305F28D8-4DB8-48F1-85D5-1F79084EE883}.Debug|Any CPU.ActiveCfg = Debug|Any CPU
		{305F28D8-4DB8-48F1-85D5-1F79084EE883}.Debug|Any CPU.Build.0 = Debug|Any CPU
		{305F28D8-4DB8-48F1-85D5-1F79084EE883}.Release|Any CPU.ActiveCfg = Release|Any CPU
		{305F28D8-4DB8-48F1-85D5-1F79084EE883}.Release|Any CPU.Build.0 = Release|Any CPU
	EndGlobalSection
	GlobalSection(SolutionProperties) = preSolution
		HideSolutionNode = FALSE
	EndGlobalSection
	GlobalSection(ExtensibilityGlobals) = postSolution
		SolutionGuid = {1D8AD73D-1661-4A2C-8D53-26F775BCC7CF}
	EndGlobalSection
EndGlobal
